
Microsoft Visual Studio Solution File, Format Version 12.00
# Visual Studio Version 16
VisualStudioVersion = 16.0.30330.147
MinimumVisualStudioVersion = 10.0.40219.1
Project("{FAE04EC0-301F-11D3-BF4B-00C04F79EFBC}") = "StringCompressing", "StringCompressing.csproj", "{4EAFF354-BA4B-4315-AF12-7B9B44527A5A}"
EndProject
Project("{FAE04EC0-301F-11D3-BF4B-00C04F79EFBC}") = "StringCompressing.Test", "..\StringCompressing.Test\StringCompressing.Test.csproj", "{8E80DF4C-D255-4769-9B44-DB069DC84BFA}"
EndProject
Global
	GlobalSection(SolutionConfigurationPlatforms) = preSolution
		Debug|Any CPU = Debug|Any CPU
		Release|Any CPU = Release|Any CPU
	EndGlobalSection
	GlobalSection(ProjectConfigurationPlatforms) = postSolution
		{4EAFF354-BA4B-4315-AF12-7B9B44527A5A}.Debug|Any CPU.ActiveCfg = Debug|Any CPU
		{4EAFF354-BA4B-4315-AF12-7B9B44527A5A}.Debug|Any CPU.Build.0 = Debug|Any CPU
		{4EAFF354-BA4B-4315-AF12-7B9B44527A5A}.Release|Any CPU.ActiveCfg = Release|Any CPU
		{4EAFF354-BA4B-4315-AF12-7B9B44527A5A}.Release|Any CPU.Build.0 = Release|Any CPU
		{8E80DF4C-D255-4769-9B44-DB069DC84BFA}.Debug|Any CPU.ActiveCfg = Debug|Any CPU
		{8E80DF4C-D255-4769-9B44-DB069DC84BFA}.Debug|Any CPU.Build.0 = Debug|Any CPU
		{8E80DF4C-D255-4769-9B44-DB069DC84BFA}.Release|Any CPU.ActiveCfg = Release|Any CPU
		{8E80DF4C-D255-4769-9B44-DB069DC84BFA}.Release|Any CPU.Build.0 = Release|Any CPU
	EndGlobalSection
	GlobalSection(SolutionProperties) = preSolution
		HideSolutionNode = FALSE
	EndGlobalSection
	GlobalSection(ExtensibilityGlobals) = postSolution
		SolutionGuid = {201B34A3-8429-4CEC-ACE6-99DDE380BC99}
	EndGlobalSection
EndGlobal
